
Microsoft Visual Studio Solution File, Format Version 12.00
# Visual Studio Version 17
VisualStudioVersion = 17.4.33205.214
MinimumVisualStudioVersion = 10.0.40219.1
Project("{FAE04EC0-301F-11D3-BF4B-00C04F79EFBC}") = "Renga", "Renga.csproj", "{ED832968-124D-4629-B43A-744274161A5B}"
EndProject
Global
	GlobalSection(SolutionConfigurationPlatforms) = preSolution
		Debug|Any CPU = Debug|Any CPU
		Release|Any CPU = Release|Any CPU
	EndGlobalSection
	GlobalSection(ProjectConfigurationPlatforms) = postSolution
		{ED832968-124D-4629-B43A-744274161A5B}.Debug|Any CPU.ActiveCfg = Debug|Any CPU
		{ED832968-124D-4629-B43A-744274161A5B}.Debug|Any CPU.Build.0 = Debug|Any CPU
		{ED832968-124D-4629-B43A-744274161A5B}.Release|Any CPU.ActiveCfg = Release|Any CPU
		{ED832968-124D-4629-B43A-744274161A5B}.Release|Any CPU.Build.0 = Release|Any CPU
	EndGlobalSection
	GlobalSection(SolutionProperties) = preSolution
		HideSolutionNode = FALSE
	EndGlobalSection
	GlobalSection(ExtensibilityGlobals) = postSolution
		SolutionGuid = {705870CC-5872-4E20-B791-FF32427FC4B4}
	EndGlobalSection
EndGlobal
